
Microsoft Visual Studio Solution File, Format Version 12.00
# Visual Studio 15
VisualStudioVersion = 15.0.26124.0
MinimumVisualStudioVersion = 15.0.26124.0
Project("{FAE04EC0-301F-11D3-BF4B-00C04F79EFBC}") = "SmartGlass", "SmartGlass\SmartGlass.csproj", "{B100F975-94C9-487A-BDDE-FF9A858E1756}"
EndProject
Project("{FAE04EC0-301F-11D3-BF4B-00C04F79EFBC}") = "SmartGlass.Cli", "SmartGlass.Cli\SmartGlass.Cli.csproj", "{0513353D-F436-4E1C-A6AB-043D01CB39A0}"
EndProject
Project("{FAE04EC0-301F-11D3-BF4B-00C04F79EFBC}") = "SmartGlass.Nano", "SmartGlass.Nano\SmartGlass.Nano.csproj", "{772084AF-03C2-4776-B1B1-7AF944EC11A2}"
EndProject
Project("{FAE04EC0-301F-11D3-BF4B-00C04F79EFBC}") = "SmartGlass.Common", "SmartGlass.Common\SmartGlass.Common.csproj", "{437CDF70-450D-4DCF-9CB5-E4E91DC94D3A}"
EndProject
Project("{2150E333-8FDC-42A3-9474-1A3956D46DE8}") = "Tests", "Tests", "{57E352CC-DD13-438A-84F2-5E845BBBD688}"
EndProject
Project("{FAE04EC0-301F-11D3-BF4B-00C04F79EFBC}") = "SmartGlass", "Tests\SmartGlass\Tests.SmartGlass.csproj", "{948ADE09-2E5A-43F7-9C31-34699E217E16}"
EndProject
Project("{FAE04EC0-301F-11D3-BF4B-00C04F79EFBC}") = "SmartGlass.Cli", "Tests\SmartGlass.Cli\Tests.SmartGlass.Cli.csproj", "{3F5E7FF1-3372-4CB3-B613-6F3D100BA74A}"
EndProject
Project("{FAE04EC0-301F-11D3-BF4B-00C04F79EFBC}") = "SmartGlass.Nano", "Tests\SmartGlass.Nano\Tests.SmartGlass.Nano.csproj", "{1FFDF052-5FBE-4CBE-9D30-16AA3A8B0E9A}"
EndProject
Project("{FAE04EC0-301F-11D3-BF4B-00C04F79EFBC}") = "SmartGlass.Common", "Tests\SmartGlass.Common\Tests.SmartGlass.Common.csproj", "{69BA6BD8-F77A-477A-902D-EBC816B76DB6}"
EndProject
Project("{FAE04EC0-301F-11D3-BF4B-00C04F79EFBC}") = "Resources", "Tests\Resources\Resources.csproj", "{CF2F768C-E743-4BCF-999C-DAF0A9625247}"
EndProject
Global
	GlobalSection(SolutionConfigurationPlatforms) = preSolution
		Debug|Any CPU = Debug|Any CPU
		Debug|x64 = Debug|x64
		Debug|x86 = Debug|x86
		Release|Any CPU = Release|Any CPU
		Release|x64 = Release|x64
		Release|x86 = Release|x86
	EndGlobalSection
	GlobalSection(SolutionProperties) = preSolution
		HideSolutionNode = FALSE
	EndGlobalSection
	GlobalSection(ProjectConfigurationPlatforms) = postSolution
		{0513353D-F436-4E1C-A6AB-043D01CB39A0}.Debug|Any CPU.ActiveCfg = Debug|Any CPU
		{0513353D-F436-4E1C-A6AB-043D01CB39A0}.Debug|Any CPU.Build.0 = Debug|Any CPU
		{0513353D-F436-4E1C-A6AB-043D01CB39A0}.Debug|x64.ActiveCfg = Debug|x64
		{0513353D-F436-4E1C-A6AB-043D01CB39A0}.Debug|x64.Build.0 = Debug|x64
		{0513353D-F436-4E1C-A6AB-043D01CB39A0}.Debug|x86.ActiveCfg = Debug|x86
		{0513353D-F436-4E1C-A6AB-043D01CB39A0}.Debug|x86.Build.0 = Debug|x86
		{0513353D-F436-4E1C-A6AB-043D01CB39A0}.Release|Any CPU.ActiveCfg = Release|Any CPU
		{0513353D-F436-4E1C-A6AB-043D01CB39A0}.Release|Any CPU.Build.0 = Release|Any CPU
		{0513353D-F436-4E1C-A6AB-043D01CB39A0}.Release|x64.ActiveCfg = Release|x64
		{0513353D-F436-4E1C-A6AB-043D01CB39A0}.Release|x64.Build.0 = Release|x64
		{0513353D-F436-4E1C-A6AB-043D01CB39A0}.Release|x86.ActiveCfg = Release|x86
		{0513353D-F436-4E1C-A6AB-043D01CB39A0}.Release|x86.Build.0 = Release|x86
		{B100F975-94C9-487A-BDDE-FF9A858E1756}.Debug|Any CPU.ActiveCfg = Debug|Any CPU
		{B100F975-94C9-487A-BDDE-FF9A858E1756}.Debug|Any CPU.Build.0 = Debug|Any CPU
		{B100F975-94C9-487A-BDDE-FF9A858E1756}.Debug|x64.ActiveCfg = Debug|x64
		{B100F975-94C9-487A-BDDE-FF9A858E1756}.Debug|x64.Build.0 = Debug|x64
		{B100F975-94C9-487A-BDDE-FF9A858E1756}.Debug|x86.ActiveCfg = Debug|x86
		{B100F975-94C9-487A-BDDE-FF9A858E1756}.Debug|x86.Build.0 = Debug|x86
		{B100F975-94C9-487A-BDDE-FF9A858E1756}.Release|Any CPU.ActiveCfg = Release|Any CPU
		{B100F975-94C9-487A-BDDE-FF9A858E1756}.Release|Any CPU.Build.0 = Release|Any CPU
		{B100F975-94C9-487A-BDDE-FF9A858E1756}.Release|x64.ActiveCfg = Release|x64
		{B100F975-94C9-487A-BDDE-FF9A858E1756}.Release|x64.Build.0 = Release|x64
		{B100F975-94C9-487A-BDDE-FF9A858E1756}.Release|x86.ActiveCfg = Release|x86
		{B100F975-94C9-487A-BDDE-FF9A858E1756}.Release|x86.Build.0 = Release|x86
		{772084AF-03C2-4776-B1B1-7AF944EC11A2}.Debug|Any CPU.ActiveCfg = Debug|Any CPU
		{772084AF-03C2-4776-B1B1-7AF944EC11A2}.Debug|Any CPU.Build.0 = Debug|Any CPU
		{772084AF-03C2-4776-B1B1-7AF944EC11A2}.Debug|x64.ActiveCfg = Debug|Any CPU
		{772084AF-03C2-4776-B1B1-7AF944EC11A2}.Debug|x64.Build.0 = Debug|Any CPU
		{772084AF-03C2-4776-B1B1-7AF944EC11A2}.Debug|x86.ActiveCfg = Debug|Any CPU
		{772084AF-03C2-4776-B1B1-7AF944EC11A2}.Debug|x86.Build.0 = Debug|Any CPU
		{772084AF-03C2-4776-B1B1-7AF944EC11A2}.Release|Any CPU.ActiveCfg = Release|Any CPU
		{772084AF-03C2-4776-B1B1-7AF944EC11A2}.Release|Any CPU.Build.0 = Release|Any CPU
		{772084AF-03C2-4776-B1B1-7AF944EC11A2}.Release|x64.ActiveCfg = Release|Any CPU
		{772084AF-03C2-4776-B1B1-7AF944EC11A2}.Release|x64.Build.0 = Release|Any CPU
		{772084AF-03C2-4776-B1B1-7AF944EC11A2}.Release|x86.ActiveCfg = Release|Any CPU
		{772084AF-03C2-4776-B1B1-7AF944EC11A2}.Release|x86.Build.0 = Release|Any CPU
		{437CDF70-450D-4DCF-9CB5-E4E91DC94D3A}.Debug|Any CPU.ActiveCfg = Debug|Any CPU
		{437CDF70-450D-4DCF-9CB5-E4E91DC94D3A}.Debug|Any CPU.Build.0 = Debug|Any CPU
		{437CDF70-450D-4DCF-9CB5-E4E91DC94D3A}.Debug|x64.ActiveCfg = Debug|Any CPU
		{437CDF70-450D-4DCF-9CB5-E4E91DC94D3A}.Debug|x64.Build.0 = Debug|Any CPU
		{437CDF70-450D-4DCF-9CB5-E4E91DC94D3A}.Debug|x86.ActiveCfg = Debug|Any CPU
		{437CDF70-450D-4DCF-9CB5-E4E91DC94D3A}.Debug|x86.Build.0 = Debug|Any CPU
		{437CDF70-450D-4DCF-9CB5-E4E91DC94D3A}.Release|Any CPU.ActiveCfg = Release|Any CPU
		{437CDF70-450D-4DCF-9CB5-E4E91DC94D3A}.Release|Any CPU.Build.0 = Release|Any CPU
		{437CDF70-450D-4DCF-9CB5-E4E91DC94D3A}.Release|x64.ActiveCfg = Release|Any CPU
		{437CDF70-450D-4DCF-9CB5-E4E91DC94D3A}.Release|x64.Build.0 = Release|Any CPU
		{437CDF70-450D-4DCF-9CB5-E4E91DC94D3A}.Release|x86.ActiveCfg = Release|Any CPU
		{437CDF70-450D-4DCF-9CB5-E4E91DC94D3A}.Release|x86.Build.0 = Release|Any CPU
		{948ADE09-2E5A-43F7-9C31-34699E217E16}.Debug|Any CPU.ActiveCfg = Debug|Any CPU
		{948ADE09-2E5A-43F7-9C31-34699E217E16}.Debug|Any CPU.Build.0 = Debug|Any CPU
		{948ADE09-2E5A-43F7-9C31-34699E217E16}.Debug|x64.ActiveCfg = Debug|Any CPU
		{948ADE09-2E5A-43F7-9C31-34699E217E16}.Debug|x64.Build.0 = Debug|Any CPU
		{948ADE09-2E5A-43F7-9C31-34699E217E16}.Debug|x86.ActiveCfg = Debug|Any CPU
		{948ADE09-2E5A-43F7-9C31-34699E217E16}.Debug|x86.Build.0 = Debug|Any CPU
		{948ADE09-2E5A-43F7-9C31-34699E217E16}.Release|Any CPU.ActiveCfg = Release|Any CPU
		{948ADE09-2E5A-43F7-9C31-34699E217E16}.Release|Any CPU.Build.0 = Release|Any CPU
		{948ADE09-2E5A-43F7-9C31-34699E217E16}.Release|x64.ActiveCfg = Release|Any CPU
		{948ADE09-2E5A-43F7-9C31-34699E217E16}.Release|x64.Build.0 = Release|Any CPU
		{948ADE09-2E5A-43F7-9C31-34699E217E16}.Release|x86.ActiveCfg = Release|Any CPU
		{948ADE09-2E5A-43F7-9C31-34699E217E16}.Release|x86.Build.0 = Release|Any CPU
		{3F5E7FF1-3372-4CB3-B613-6F3D100BA74A}.Debug|Any CPU.ActiveCfg = Debug|Any CPU
		{3F5E7FF1-3372-4CB3-B613-6F3D100BA74A}.Debug|Any CPU.Build.0 = Debug|Any CPU
		{3F5E7FF1-3372-4CB3-B613-6F3D100BA74A}.Debug|x64.ActiveCfg = Debug|Any CPU
		{3F5E7FF1-3372-4CB3-B613-6F3D100BA74A}.Debug|x64.Build.0 = Debug|Any CPU
		{3F5E7FF1-3372-4CB3-B613-6F3D100BA74A}.Debug|x86.ActiveCfg = Debug|Any CPU
		{3F5E7FF1-3372-4CB3-B613-6F3D100BA74A}.Debug|x86.Build.0 = Debug|Any CPU
		{3F5E7FF1-3372-4CB3-B613-6F3D100BA74A}.Release|Any CPU.ActiveCfg = Release|Any CPU
		{3F5E7FF1-3372-4CB3-B613-6F3D100BA74A}.Release|Any CPU.Build.0 = Release|Any CPU
		{3F5E7FF1-3372-4CB3-B613-6F3D100BA74A}.Release|x64.ActiveCfg = Release|Any CPU
		{3F5E7FF1-3372-4CB3-B613-6F3D100BA74A}.Release|x64.Build.0 = Release|Any CPU
		{3F5E7FF1-3372-4CB3-B613-6F3D100BA74A}.Release|x86.ActiveCfg = Release|Any CPU
		{3F5E7FF1-3372-4CB3-B613-6F3D100BA74A}.Release|x86.Build.0 = Release|Any CPU
		{69BA6BD8-F77A-477A-902D-EBC816B76DB6}.Debug|Any CPU.ActiveCfg = Debug|Any CPU
		{69BA6BD8-F77A-477A-902D-EBC816B76DB6}.Debug|Any CPU.Build.0 = Debug|Any CPU
		{69BA6BD8-F77A-477A-902D-EBC816B76DB6}.Debug|x64.ActiveCfg = Debug|Any CPU
		{69BA6BD8-F77A-477A-902D-EBC816B76DB6}.Debug|x64.Build.0 = Debug|Any CPU
		{69BA6BD8-F77A-477A-902D-EBC816B76DB6}.Debug|x86.ActiveCfg = Debug|Any CPU
		{69BA6BD8-F77A-477A-902D-EBC816B76DB6}.Debug|x86.Build.0 = Debug|Any CPU
		{69BA6BD8-F77A-477A-902D-EBC816B76DB6}.Release|Any CPU.ActiveCfg = Release|Any CPU
		{69BA6BD8-F77A-477A-902D-EBC816B76DB6}.Release|Any CPU.Build.0 = Release|Any CPU
		{69BA6BD8-F77A-477A-902D-EBC816B76DB6}.Release|x64.ActiveCfg = Release|Any CPU
		{69BA6BD8-F77A-477A-902D-EBC816B76DB6}.Release|x64.Build.0 = Release|Any CPU
		{69BA6BD8-F77A-477A-902D-EBC816B76DB6}.Release|x86.ActiveCfg = Release|Any CPU
		{69BA6BD8-F77A-477A-902D-EBC816B76DB6}.Release|x86.Build.0 = Release|Any CPU
		{1FFDF052-5FBE-4CBE-9D30-16AA3A8B0E9A}.Debug|Any CPU.ActiveCfg = Debug|Any CPU
		{1FFDF052-5FBE-4CBE-9D30-16AA3A8B0E9A}.Debug|Any CPU.Build.0 = Debug|Any CPU
		{1FFDF052-5FBE-4CBE-9D30-16AA3A8B0E9A}.Debug|x64.ActiveCfg = Debug|Any CPU
		{1FFDF052-5FBE-4CBE-9D30-16AA3A8B0E9A}.Debug|x64.Build.0 = Debug|Any CPU
		{1FFDF052-5FBE-4CBE-9D30-16AA3A8B0E9A}.Debug|x86.ActiveCfg = Debug|Any CPU
		{1FFDF052-5FBE-4CBE-9D30-16AA3A8B0E9A}.Debug|x86.Build.0 = Debug|Any CPU
		{1FFDF052-5FBE-4CBE-9D30-16AA3A8B0E9A}.Release|Any CPU.ActiveCfg = Release|Any CPU
		{1FFDF052-5FBE-4CBE-9D30-16AA3A8B0E9A}.Release|Any CPU.Build.0 = Release|Any CPU
		{1FFDF052-5FBE-4CBE-9D30-16AA3A8B0E9A}.Release|x64.ActiveCfg = Release|Any CPU
		{1FFDF052-5FBE-4CBE-9D30-16AA3A8B0E9A}.Release|x64.Build.0 = Release|Any CPU
		{1FFDF052-5FBE-4CBE-9D30-16AA3A8B0E9A}.Release|x86.ActiveCfg = Release|Any CPU
		{1FFDF052-5FBE-4CBE-9D30-16AA3A8B0E9A}.Release|x86.Build.0 = Release|Any CPU
		{CF2F768C-E743-4BCF-999C-DAF0A9625247}.Debug|Any CPU.ActiveCfg = Debug|Any CPU
		{CF2F768C-E743-4BCF-999C-DAF0A9625247}.Debug|Any CPU.Build.0 = Debug|Any CPU
		{CF2F768C-E743-4BCF-999C-DAF0A9625247}.Debug|x64.ActiveCfg = Debug|Any CPU
		{CF2F768C-E743-4BCF-999C-DAF0A9625247}.Debug|x64.Build.0 = Debug|Any CPU
		{CF2F768C-E743-4BCF-999C-DAF0A9625247}.Debug|x86.ActiveCfg = Debug|Any CPU
		{CF2F768C-E743-4BCF-999C-DAF0A9625247}.Debug|x86.Build.0 = Debug|Any CPU
		{CF2F768C-E743-4BCF-999C-DAF0A9625247}.Release|Any CPU.ActiveCfg = Release|Any CPU
		{CF2F768C-E743-4BCF-999C-DAF0A9625247}.Release|Any CPU.Build.0 = Release|Any CPU
		{CF2F768C-E743-4BCF-999C-DAF0A9625247}.Release|x64.ActiveCfg = Release|Any CPU
		{CF2F768C-E743-4BCF-999C-DAF0A9625247}.Release|x64.Build.0 = Release|Any CPU
		{CF2F768C-E743-4BCF-999C-DAF0A9625247}.Release|x86.ActiveCfg = Release|Any CPU
		{CF2F768C-E743-4BCF-999C-DAF0A9625247}.Release|x86.Build.0 = Release|Any CPU
	EndGlobalSection
	GlobalSection(NestedProjects) = preSolution
		{948ADE09-2E5A-43F7-9C31-34699E217E16} = {57E352CC-DD13-438A-84F2-5E845BBBD688}
		{3F5E7FF1-3372-4CB3-B613-6F3D100BA74A} = {57E352CC-DD13-438A-84F2-5E845BBBD688}
		{69BA6BD8-F77A-477A-902D-EBC816B76DB6} = {57E352CC-DD13-438A-84F2-5E845BBBD688}
		{1FFDF052-5FBE-4CBE-9D30-16AA3A8B0E9A} = {57E352CC-DD13-438A-84F2-5E845BBBD688}
		{CF2F768C-E743-4BCF-999C-DAF0A9625247} = {57E352CC-DD13-438A-84F2-5E845BBBD688}
	EndGlobalSection
EndGlobal
