
Microsoft Visual Studio Solution File, Format Version 12.00
# Visual Studio 15
VisualStudioVersion = 15.0.26124.0
MinimumVisualStudioVersion = 15.0.26124.0
Project("{FAE04EC0-301F-11D3-BF4B-00C04F79EFBC}") = "SmartGlass.Cli", "SmartGlass.Cli\SmartGlass.Cli.csproj", "{0513353D-F436-4E1C-A6AB-043D01CB39A0}"
EndProject
Project("{FAE04EC0-301F-11D3-BF4B-00C04F79EFBC}") = "SmartGlass", "SmartGlass\SmartGlass.csproj", "{B100F975-94C9-487A-BDDE-FF9A858E1756}"
EndProject
Project("{FAE04EC0-301F-11D3-BF4B-00C04F79EFBC}") = "SmartGlass.Nano", "SmartGlass.Nano\SmartGlass.Nano.csproj", "{772084AF-03C2-4776-B1B1-7AF944EC11A2}"
EndProject
Project("{FAE04EC0-301F-11D3-BF4B-00C04F79EFBC}") = "SmartGlass.Common", "SmartGlass.Common\SmartGlass.Common.csproj", "{437CDF70-450D-4DCF-9CB5-E4E91DC94D3A}"
EndProject
Project("{FAE04EC0-301F-11D3-BF4B-00C04F79EFBC}") = "SmartGlass.Common.Tests", "SmartGlass.Common.Tests\SmartGlass.Common.Tests.csproj", "{8B66115F-9924-4C21-B4D6-EEAE7C1D709F}"
EndProject
Project("{FAE04EC0-301F-11D3-BF4B-00C04F79EFBC}") = "SmartGlass.Tests", "SmartGlass.Tests\SmartGlass.Tests.csproj", "{C4089F60-F348-4966-AE74-CD7A3E058DD5}"
EndProject
Project("{FAE04EC0-301F-11D3-BF4B-00C04F79EFBC}") = "SmartGlass.Cli.Tests", "SmartGlass.Cli.Tests\SmartGlass.Cli.Tests.csproj", "{2CF4C38B-3326-4DCF-9DDA-140D94046778}"
EndProject
Project("{FAE04EC0-301F-11D3-BF4B-00C04F79EFBC}") = "SmartGlass.Nano.Tests", "SmartGlass.Nano.Tests\SmartGlass.Nano.Tests.csproj", "{0600D08D-DF66-42C3-B141-3D46C61370CB}"
EndProject
Global
	GlobalSection(SolutionConfigurationPlatforms) = preSolution
		Debug|Any CPU = Debug|Any CPU
		Debug|x64 = Debug|x64
		Debug|x86 = Debug|x86
		Release|Any CPU = Release|Any CPU
		Release|x64 = Release|x64
		Release|x86 = Release|x86
	EndGlobalSection
	GlobalSection(SolutionProperties) = preSolution
		HideSolutionNode = FALSE
	EndGlobalSection
	GlobalSection(ProjectConfigurationPlatforms) = postSolution
		{0513353D-F436-4E1C-A6AB-043D01CB39A0}.Debug|Any CPU.ActiveCfg = Debug|Any CPU
		{0513353D-F436-4E1C-A6AB-043D01CB39A0}.Debug|Any CPU.Build.0 = Debug|Any CPU
		{0513353D-F436-4E1C-A6AB-043D01CB39A0}.Debug|x64.ActiveCfg = Debug|x64
		{0513353D-F436-4E1C-A6AB-043D01CB39A0}.Debug|x64.Build.0 = Debug|x64
		{0513353D-F436-4E1C-A6AB-043D01CB39A0}.Debug|x86.ActiveCfg = Debug|x86
		{0513353D-F436-4E1C-A6AB-043D01CB39A0}.Debug|x86.Build.0 = Debug|x86
		{0513353D-F436-4E1C-A6AB-043D01CB39A0}.Release|Any CPU.ActiveCfg = Release|Any CPU
		{0513353D-F436-4E1C-A6AB-043D01CB39A0}.Release|Any CPU.Build.0 = Release|Any CPU
		{0513353D-F436-4E1C-A6AB-043D01CB39A0}.Release|x64.ActiveCfg = Release|x64
		{0513353D-F436-4E1C-A6AB-043D01CB39A0}.Release|x64.Build.0 = Release|x64
		{0513353D-F436-4E1C-A6AB-043D01CB39A0}.Release|x86.ActiveCfg = Release|x86
		{0513353D-F436-4E1C-A6AB-043D01CB39A0}.Release|x86.Build.0 = Release|x86
		{B100F975-94C9-487A-BDDE-FF9A858E1756}.Debug|Any CPU.ActiveCfg = Debug|Any CPU
		{B100F975-94C9-487A-BDDE-FF9A858E1756}.Debug|Any CPU.Build.0 = Debug|Any CPU
		{B100F975-94C9-487A-BDDE-FF9A858E1756}.Debug|x64.ActiveCfg = Debug|x64
		{B100F975-94C9-487A-BDDE-FF9A858E1756}.Debug|x64.Build.0 = Debug|x64
		{B100F975-94C9-487A-BDDE-FF9A858E1756}.Debug|x86.ActiveCfg = Debug|x86
		{B100F975-94C9-487A-BDDE-FF9A858E1756}.Debug|x86.Build.0 = Debug|x86
		{B100F975-94C9-487A-BDDE-FF9A858E1756}.Release|Any CPU.ActiveCfg = Release|Any CPU
		{B100F975-94C9-487A-BDDE-FF9A858E1756}.Release|Any CPU.Build.0 = Release|Any CPU
		{B100F975-94C9-487A-BDDE-FF9A858E1756}.Release|x64.ActiveCfg = Release|x64
		{B100F975-94C9-487A-BDDE-FF9A858E1756}.Release|x64.Build.0 = Release|x64
		{B100F975-94C9-487A-BDDE-FF9A858E1756}.Release|x86.ActiveCfg = Release|x86
		{B100F975-94C9-487A-BDDE-FF9A858E1756}.Release|x86.Build.0 = Release|x86
		{772084AF-03C2-4776-B1B1-7AF944EC11A2}.Debug|Any CPU.ActiveCfg = Debug|Any CPU
		{772084AF-03C2-4776-B1B1-7AF944EC11A2}.Debug|Any CPU.Build.0 = Debug|Any CPU
		{772084AF-03C2-4776-B1B1-7AF944EC11A2}.Debug|x64.ActiveCfg = Debug|Any CPU
		{772084AF-03C2-4776-B1B1-7AF944EC11A2}.Debug|x64.Build.0 = Debug|Any CPU
		{772084AF-03C2-4776-B1B1-7AF944EC11A2}.Debug|x86.ActiveCfg = Debug|Any CPU
		{772084AF-03C2-4776-B1B1-7AF944EC11A2}.Debug|x86.Build.0 = Debug|Any CPU
		{772084AF-03C2-4776-B1B1-7AF944EC11A2}.Release|Any CPU.ActiveCfg = Release|Any CPU
		{772084AF-03C2-4776-B1B1-7AF944EC11A2}.Release|Any CPU.Build.0 = Release|Any CPU
		{772084AF-03C2-4776-B1B1-7AF944EC11A2}.Release|x64.ActiveCfg = Release|Any CPU
		{772084AF-03C2-4776-B1B1-7AF944EC11A2}.Release|x64.Build.0 = Release|Any CPU
		{772084AF-03C2-4776-B1B1-7AF944EC11A2}.Release|x86.ActiveCfg = Release|Any CPU
		{772084AF-03C2-4776-B1B1-7AF944EC11A2}.Release|x86.Build.0 = Release|Any CPU
		{437CDF70-450D-4DCF-9CB5-E4E91DC94D3A}.Debug|Any CPU.ActiveCfg = Debug|Any CPU
		{437CDF70-450D-4DCF-9CB5-E4E91DC94D3A}.Debug|Any CPU.Build.0 = Debug|Any CPU
		{437CDF70-450D-4DCF-9CB5-E4E91DC94D3A}.Debug|x64.ActiveCfg = Debug|Any CPU
		{437CDF70-450D-4DCF-9CB5-E4E91DC94D3A}.Debug|x64.Build.0 = Debug|Any CPU
		{437CDF70-450D-4DCF-9CB5-E4E91DC94D3A}.Debug|x86.ActiveCfg = Debug|Any CPU
		{437CDF70-450D-4DCF-9CB5-E4E91DC94D3A}.Debug|x86.Build.0 = Debug|Any CPU
		{437CDF70-450D-4DCF-9CB5-E4E91DC94D3A}.Release|Any CPU.ActiveCfg = Release|Any CPU
		{437CDF70-450D-4DCF-9CB5-E4E91DC94D3A}.Release|Any CPU.Build.0 = Release|Any CPU
		{437CDF70-450D-4DCF-9CB5-E4E91DC94D3A}.Release|x64.ActiveCfg = Release|Any CPU
		{437CDF70-450D-4DCF-9CB5-E4E91DC94D3A}.Release|x64.Build.0 = Release|Any CPU
		{437CDF70-450D-4DCF-9CB5-E4E91DC94D3A}.Release|x86.ActiveCfg = Release|Any CPU
		{437CDF70-450D-4DCF-9CB5-E4E91DC94D3A}.Release|x86.Build.0 = Release|Any CPU
		{8B66115F-9924-4C21-B4D6-EEAE7C1D709F}.Debug|Any CPU.ActiveCfg = Debug|Any CPU
		{8B66115F-9924-4C21-B4D6-EEAE7C1D709F}.Debug|Any CPU.Build.0 = Debug|Any CPU
		{8B66115F-9924-4C21-B4D6-EEAE7C1D709F}.Debug|x64.ActiveCfg = Debug|Any CPU
		{8B66115F-9924-4C21-B4D6-EEAE7C1D709F}.Debug|x64.Build.0 = Debug|Any CPU
		{8B66115F-9924-4C21-B4D6-EEAE7C1D709F}.Debug|x86.ActiveCfg = Debug|Any CPU
		{8B66115F-9924-4C21-B4D6-EEAE7C1D709F}.Debug|x86.Build.0 = Debug|Any CPU
		{8B66115F-9924-4C21-B4D6-EEAE7C1D709F}.Release|Any CPU.ActiveCfg = Release|Any CPU
		{8B66115F-9924-4C21-B4D6-EEAE7C1D709F}.Release|Any CPU.Build.0 = Release|Any CPU
		{8B66115F-9924-4C21-B4D6-EEAE7C1D709F}.Release|x64.ActiveCfg = Release|Any CPU
		{8B66115F-9924-4C21-B4D6-EEAE7C1D709F}.Release|x64.Build.0 = Release|Any CPU
		{8B66115F-9924-4C21-B4D6-EEAE7C1D709F}.Release|x86.ActiveCfg = Release|Any CPU
		{8B66115F-9924-4C21-B4D6-EEAE7C1D709F}.Release|x86.Build.0 = Release|Any CPU
		{C4089F60-F348-4966-AE74-CD7A3E058DD5}.Debug|Any CPU.ActiveCfg = Debug|Any CPU
		{C4089F60-F348-4966-AE74-CD7A3E058DD5}.Debug|Any CPU.Build.0 = Debug|Any CPU
		{C4089F60-F348-4966-AE74-CD7A3E058DD5}.Debug|x64.ActiveCfg = Debug|Any CPU
		{C4089F60-F348-4966-AE74-CD7A3E058DD5}.Debug|x64.Build.0 = Debug|Any CPU
		{C4089F60-F348-4966-AE74-CD7A3E058DD5}.Debug|x86.ActiveCfg = Debug|Any CPU
		{C4089F60-F348-4966-AE74-CD7A3E058DD5}.Debug|x86.Build.0 = Debug|Any CPU
		{C4089F60-F348-4966-AE74-CD7A3E058DD5}.Release|Any CPU.ActiveCfg = Release|Any CPU
		{C4089F60-F348-4966-AE74-CD7A3E058DD5}.Release|Any CPU.Build.0 = Release|Any CPU
		{C4089F60-F348-4966-AE74-CD7A3E058DD5}.Release|x64.ActiveCfg = Release|Any CPU
		{C4089F60-F348-4966-AE74-CD7A3E058DD5}.Release|x64.Build.0 = Release|Any CPU
		{C4089F60-F348-4966-AE74-CD7A3E058DD5}.Release|x86.ActiveCfg = Release|Any CPU
		{C4089F60-F348-4966-AE74-CD7A3E058DD5}.Release|x86.Build.0 = Release|Any CPU
		{2CF4C38B-3326-4DCF-9DDA-140D94046778}.Debug|Any CPU.ActiveCfg = Debug|Any CPU
		{2CF4C38B-3326-4DCF-9DDA-140D94046778}.Debug|Any CPU.Build.0 = Debug|Any CPU
		{2CF4C38B-3326-4DCF-9DDA-140D94046778}.Debug|x64.ActiveCfg = Debug|Any CPU
		{2CF4C38B-3326-4DCF-9DDA-140D94046778}.Debug|x64.Build.0 = Debug|Any CPU
		{2CF4C38B-3326-4DCF-9DDA-140D94046778}.Debug|x86.ActiveCfg = Debug|Any CPU
		{2CF4C38B-3326-4DCF-9DDA-140D94046778}.Debug|x86.Build.0 = Debug|Any CPU
		{2CF4C38B-3326-4DCF-9DDA-140D94046778}.Release|Any CPU.ActiveCfg = Release|Any CPU
		{2CF4C38B-3326-4DCF-9DDA-140D94046778}.Release|Any CPU.Build.0 = Release|Any CPU
		{2CF4C38B-3326-4DCF-9DDA-140D94046778}.Release|x64.ActiveCfg = Release|Any CPU
		{2CF4C38B-3326-4DCF-9DDA-140D94046778}.Release|x64.Build.0 = Release|Any CPU
		{2CF4C38B-3326-4DCF-9DDA-140D94046778}.Release|x86.ActiveCfg = Release|Any CPU
		{2CF4C38B-3326-4DCF-9DDA-140D94046778}.Release|x86.Build.0 = Release|Any CPU
		{0600D08D-DF66-42C3-B141-3D46C61370CB}.Debug|Any CPU.ActiveCfg = Debug|Any CPU
		{0600D08D-DF66-42C3-B141-3D46C61370CB}.Debug|Any CPU.Build.0 = Debug|Any CPU
		{0600D08D-DF66-42C3-B141-3D46C61370CB}.Debug|x64.ActiveCfg = Debug|Any CPU
		{0600D08D-DF66-42C3-B141-3D46C61370CB}.Debug|x64.Build.0 = Debug|Any CPU
		{0600D08D-DF66-42C3-B141-3D46C61370CB}.Debug|x86.ActiveCfg = Debug|Any CPU
		{0600D08D-DF66-42C3-B141-3D46C61370CB}.Debug|x86.Build.0 = Debug|Any CPU
		{0600D08D-DF66-42C3-B141-3D46C61370CB}.Release|Any CPU.ActiveCfg = Release|Any CPU
		{0600D08D-DF66-42C3-B141-3D46C61370CB}.Release|Any CPU.Build.0 = Release|Any CPU
		{0600D08D-DF66-42C3-B141-3D46C61370CB}.Release|x64.ActiveCfg = Release|Any CPU
		{0600D08D-DF66-42C3-B141-3D46C61370CB}.Release|x64.Build.0 = Release|Any CPU
		{0600D08D-DF66-42C3-B141-3D46C61370CB}.Release|x86.ActiveCfg = Release|Any CPU
		{0600D08D-DF66-42C3-B141-3D46C61370CB}.Release|x86.Build.0 = Release|Any CPU
	EndGlobalSection
EndGlobal
